
Microsoft Visual Studio Solution File, Format Version 12.00
# Visual Studio Version 17
VisualStudioVersion = 17.8.34601.278
MinimumVisualStudioVersion = 10.0.40219.1
Project("{FAE04EC0-301F-11D3-BF4B-00C04F79EFBC}") = "ExampleTwo", "ExampleTwo\ExampleTwo.csproj", "{101188A7-0F89-4AA3-88BC-8797DAB7656B}"
EndProject
Global
	GlobalSection(SolutionConfigurationPlatforms) = preSolution
		Debug|Any CPU = Debug|Any CPU
		Release|Any CPU = Release|Any CPU
	EndGlobalSection
	GlobalSection(ProjectConfigurationPlatforms) = postSolution
		{101188A7-0F89-4AA3-88BC-8797DAB7656B}.Debug|Any CPU.ActiveCfg = Debug|Any CPU
		{101188A7-0F89-4AA3-88BC-8797DAB7656B}.Debug|Any CPU.Build.0 = Debug|Any CPU
		{101188A7-0F89-4AA3-88BC-8797DAB7656B}.Release|Any CPU.ActiveCfg = Release|Any CPU
		{101188A7-0F89-4AA3-88BC-8797DAB7656B}.Release|Any CPU.Build.0 = Release|Any CPU
	EndGlobalSection
	GlobalSection(SolutionProperties) = preSolution
		HideSolutionNode = FALSE
	EndGlobalSection
	GlobalSection(ExtensibilityGlobals) = postSolution
		SolutionGuid = {4346B7C2-F6C9-44AA-B83C-5CDCB0925244}
	EndGlobalSection
EndGlobal
