
Microsoft Visual Studio Solution File, Format Version 12.00
# Visual Studio Version 17
VisualStudioVersion = 17.8.34601.278
MinimumVisualStudioVersion = 10.0.40219.1
Project("{FAE04EC0-301F-11D3-BF4B-00C04F79EFBC}") = "ExampleOne", "ExampleOne\ExampleOne.csproj", "{C9C56534-765B-40B9-8E9B-92D6F9773AC8}"
EndProject
Global
	GlobalSection(SolutionConfigurationPlatforms) = preSolution
		Debug|Any CPU = Debug|Any CPU
		Release|Any CPU = Release|Any CPU
	EndGlobalSection
	GlobalSection(ProjectConfigurationPlatforms) = postSolution
		{C9C56534-765B-40B9-8E9B-92D6F9773AC8}.Debug|Any CPU.ActiveCfg = Debug|Any CPU
		{C9C56534-765B-40B9-8E9B-92D6F9773AC8}.Debug|Any CPU.Build.0 = Debug|Any CPU
		{C9C56534-765B-40B9-8E9B-92D6F9773AC8}.Release|Any CPU.ActiveCfg = Release|Any CPU
		{C9C56534-765B-40B9-8E9B-92D6F9773AC8}.Release|Any CPU.Build.0 = Release|Any CPU
	EndGlobalSection
	GlobalSection(SolutionProperties) = preSolution
		HideSolutionNode = FALSE
	EndGlobalSection
	GlobalSection(ExtensibilityGlobals) = postSolution
		SolutionGuid = {510B8255-B385-4686-8064-13D7038FC064}
	EndGlobalSection
EndGlobal
